{
  "name": "adapt-authoring-mongodblogger",
  "version": "0.0.1",
  "lockfileVersion": 1,
  "requires": true,
  "dependencies": {
    "adapt-authoring-api": {
      "version": "github:adapt-security/adapt-authoring-api#2281d5feb6f747ea6ad84f45dbd01ae63fc30a8e",
      "from": "github:adapt-security/adapt-authoring-api",
      "requires": {
        "lodash": "^4.17.20"
      }
    },
    "lodash": {
      "version": "4.17.20",
      "resolved": "https://registry.npmjs.org/lodash/-/lodash-4.17.20.tgz",
      "integrity": "sha512-PlhdFcillOINfeV7Ni6oF1TAEayyZBoZ8bcshTHqOYJYlrqzRK5hagpagky5o4HfCzzd1TRkXPMFq6cKk9rGmA=="
    }
  }
}
